// !$*UTF8*$!
{
	archiveVersion = 1;
	classes = {
	};
	objectVersion = 50;
	objects = {

/* Begin PBXBuildFile section */
		E79B8A6425A3FB0F004A3808 /* main.m in Sources */ = {isa = PBXBuildFile; fileRef = E79B8A6325A3FB0F004A3808 /* main.m */; };
		E79B8A6F25A40511004A3808 /* main.m in Sources */ = {isa = PBXBuildFile; fileRef = E79B8A6E25A40511004A3808 /* main.m */; };
		E79B8A7A25A415E6004A3808 /* main.m in Sources */ = {isa = PBXBuildFile; fileRef = E79B8A7925A415E6004A3808 /* main.m */; };
		E79B8A8025A41616004A3808 /* Person.m in Sources */ = {isa = PBXBuildFile; fileRef = E79B8A7F25A41616004A3808 /* Person.m */; };
		E79B8A8325A41843004A3808 /* Dog.m in Sources */ = {isa = PBXBuildFile; fileRef = E79B8A8225A41843004A3808 /* Dog.m */; };
		E79B8A8625A418FB004A3808 /* Student.m in Sources */ = {isa = PBXBuildFile; fileRef = E79B8A8525A418FB004A3808 /* Student.m */; };
		E79B8A8E25A43A66004A3808 /* main.m in Sources */ = {isa = PBXBuildFile; fileRef = E79B8A8D25A43A66004A3808 /* main.m */; };
		E79B8A9425A43A7D004A3808 /* Person.m in Sources */ = {isa = PBXBuildFile; fileRef = E79B8A9325A43A7D004A3808 /* Person.m */; };
		E79B8A9725A43BC2004A3808 /* Dog.m in Sources */ = {isa = PBXBuildFile; fileRef = E79B8A9625A43BC2004A3808 /* Dog.m */; };
		E79B8A9F25A4415A004A3808 /* main.m in Sources */ = {isa = PBXBuildFile; fileRef = E79B8A9E25A4415A004A3808 /* main.m */; };
		E79B8AA525A441DE004A3808 /* God.m in Sources */ = {isa = PBXBuildFile; fileRef = E79B8AA425A441DE004A3808 /* God.m */; };
		E79B8AA825A441ED004A3808 /* Person.m in Sources */ = {isa = PBXBuildFile; fileRef = E79B8AA725A441ED004A3808 /* Person.m */; };
		E7BAAD4125A54CF0009E7F7F /* main.m in Sources */ = {isa = PBXBuildFile; fileRef = E7BAAD4025A54CF0009E7F7F /* main.m */; };
		E7BAAD4D25A587BC009E7F7F /* YinXiang.m in Sources */ = {isa = PBXBuildFile; fileRef = E7BAAD4C25A587BC009E7F7F /* YinXiang.m */; };
		E7BAAD5025A5890E009E7F7F /* Dog.m in Sources */ = {isa = PBXBuildFile; fileRef = E7BAAD4F25A5890E009E7F7F /* Dog.m */; };
		E7BAAD5325A5899D009E7F7F /* Person.m in Sources */ = {isa = PBXBuildFile; fileRef = E7BAAD5225A5899D009E7F7F /* Person.m */; };
		E7BAAD5625A58EBD009E7F7F /* QuanQuan.m in Sources */ = {isa = PBXBuildFile; fileRef = E7BAAD5525A58EBD009E7F7F /* QuanQuan.m */; };
		E7BAAD5E25A59106009E7F7F /* main.m in Sources */ = {isa = PBXBuildFile; fileRef = E7BAAD5D25A59106009E7F7F /* main.m */; };
		E7BAAD6425A59628009E7F7F /* Player.m in Sources */ = {isa = PBXBuildFile; fileRef = E7BAAD6325A59628009E7F7F /* Player.m */; };
		E7BAAD6825A5A373009E7F7F /* Robot.m in Sources */ = {isa = PBXBuildFile; fileRef = E7BAAD6725A5A373009E7F7F /* Robot.m */; };
		E7CDF90825A2B4540052A0C0 /* main.m in Sources */ = {isa = PBXBuildFile; fileRef = E7CDF90725A2B4540052A0C0 /* main.m */; };
		E7CDF91525A2C4310052A0C0 /* main.m in Sources */ = {isa = PBXBuildFile; fileRef = E7CDF91425A2C4310052A0C0 /* main.m */; };
		E7F059B925A30C220029A2D3 /* main.m in Sources */ = {isa = PBXBuildFile; fileRef = E7F059B825A30C220029A2D3 /* main.m */; };
/* End PBXBuildFile section */

/* Begin PBXCopyFilesBuildPhase section */
		E79B8A5F25A3FB0F004A3808 /* CopyFiles */ = {
			isa = PBXCopyFilesBuildPhase;
			buildActionMask = 2147483647;
			dstPath = /usr/share/man/man1/;
			dstSubfolderSpec = 0;
			files = (
			);
			runOnlyForDeploymentPostprocessing = 1;
		};
		E79B8A6A25A40511004A3808 /* CopyFiles */ = {
			isa = PBXCopyFilesBuildPhase;
			buildActionMask = 2147483647;
			dstPath = /usr/share/man/man1/;
			dstSubfolderSpec = 0;
			files = (
			);
			runOnlyForDeploymentPostprocessing = 1;
		};
		E79B8A7525A415E6004A3808 /* CopyFiles */ = {
			isa = PBXCopyFilesBuildPhase;
			buildActionMask = 2147483647;
			dstPath = /usr/share/man/man1/;
			dstSubfolderSpec = 0;
			files = (
			);
			runOnlyForDeploymentPostprocessing = 1;
		};
		E79B8A8925A43A66004A3808 /* CopyFiles */ = {
			isa = PBXCopyFilesBuildPhase;
			buildActionMask = 2147483647;
			dstPath = /usr/share/man/man1/;
			dstSubfolderSpec = 0;
			files = (
			);
			runOnlyForDeploymentPostprocessing = 1;
		};
		E79B8A9A25A4415A004A3808 /* CopyFiles */ = {
			isa = PBXCopyFilesBuildPhase;
			buildActionMask = 2147483647;
			dstPath = /usr/share/man/man1/;
			dstSubfolderSpec = 0;
			files = (
			);
			runOnlyForDeploymentPostprocessing = 1;
		};
		E7BAAD3C25A54CF0009E7F7F /* CopyFiles */ = {
			isa = PBXCopyFilesBuildPhase;
			buildActionMask = 2147483647;
			dstPath = /usr/share/man/man1/;
			dstSubfolderSpec = 0;
			files = (
			);
			runOnlyForDeploymentPostprocessing = 1;
		};
		E7BAAD5925A59106009E7F7F /* CopyFiles */ = {
			isa = PBXCopyFilesBuildPhase;
			buildActionMask = 2147483647;
			dstPath = /usr/share/man/man1/;
			dstSubfolderSpec = 0;
			files = (
			);
			runOnlyForDeploymentPostprocessing = 1;
		};
		E7CDF90225A2B4540052A0C0 /* CopyFiles */ = {
			isa = PBXCopyFilesBuildPhase;
			buildActionMask = 2147483647;
			dstPath = /usr/share/man/man1/;
			dstSubfolderSpec = 0;
			files = (
			);
			runOnlyForDeploymentPostprocessing = 1;
		};
		E7CDF91025A2C4310052A0C0 /* CopyFiles */ = {
			isa = PBXCopyFilesBuildPhase;
			buildActionMask = 2147483647;
			dstPath = /usr/share/man/man1/;
			dstSubfolderSpec = 0;
			files = (
			);
			runOnlyForDeploymentPostprocessing = 1;
		};
		E7F059B425A30C220029A2D3 /* CopyFiles */ = {
			isa = PBXCopyFilesBuildPhase;
			buildActionMask = 2147483647;
			dstPath = /usr/share/man/man1/;
			dstSubfolderSpec = 0;
			files = (
			);
			runOnlyForDeploymentPostprocessing = 1;
		};
/* End PBXCopyFilesBuildPhase section */

/* Begin PBXFileReference section */
		E79B8A6125A3FB0F004A3808 /* 分组导航标记 */ = {isa = PBXFileReference; explicitFileType = "compiled.mach-o.executable"; includeInIndex = 0; path = "分组导航标记"; sourceTree = BUILT_PRODUCTS_DIR; };
		E79B8A6325A3FB0F004A3808 /* main.m */ = {isa = PBXFileReference; lastKnownFileType = sourcecode.c.objc; path = main.m; sourceTree = "<group>"; };
		E79B8A6C25A40511004A3808 /* 方法与函数 */ = {isa = PBXFileReference; explicitFileType = "compiled.mach-o.executable"; includeInIndex = 0; path = "方法与函数"; sourceTree = BUILT_PRODUCTS_DIR; };
		E79B8A6E25A40511004A3808 /* main.m */ = {isa = PBXFileReference; lastKnownFileType = sourcecode.c.objc; path = main.m; sourceTree = "<group>"; };
		E79B8A7725A415E6004A3808 /* 多文件开发 */ = {isa = PBXFileReference; explicitFileType = "compiled.mach-o.executable"; includeInIndex = 0; path = "多文件开发"; sourceTree = BUILT_PRODUCTS_DIR; };
		E79B8A7925A415E6004A3808 /* main.m */ = {isa = PBXFileReference; lastKnownFileType = sourcecode.c.objc; path = main.m; sourceTree = "<group>"; };
		E79B8A7E25A415FD004A3808 /* Person.h */ = {isa = PBXFileReference; lastKnownFileType = sourcecode.c.h; path = Person.h; sourceTree = "<group>"; };
		E79B8A7F25A41616004A3808 /* Person.m */ = {isa = PBXFileReference; lastKnownFileType = sourcecode.c.objc; path = Person.m; sourceTree = "<group>"; };
		E79B8A8125A41843004A3808 /* Dog.h */ = {isa = PBXFileReference; lastKnownFileType = sourcecode.c.h; path = Dog.h; sourceTree = "<group>"; };
		E79B8A8225A41843004A3808 /* Dog.m */ = {isa = PBXFileReference; lastKnownFileType = sourcecode.c.objc; path = Dog.m; sourceTree = "<group>"; };
		E79B8A8425A418FB004A3808 /* Student.h */ = {isa = PBXFileReference; lastKnownFileType = sourcecode.c.h; path = Student.h; sourceTree = "<group>"; };
		E79B8A8525A418FB004A3808 /* Student.m */ = {isa = PBXFileReference; lastKnownFileType = sourcecode.c.objc; path = Student.m; sourceTree = "<group>"; };
		E79B8A8B25A43A66004A3808 /* 对象与方法 */ = {isa = PBXFileReference; explicitFileType = "compiled.mach-o.executable"; includeInIndex = 0; path = "对象与方法"; sourceTree = BUILT_PRODUCTS_DIR; };
		E79B8A8D25A43A66004A3808 /* main.m */ = {isa = PBXFileReference; lastKnownFileType = sourcecode.c.objc; path = main.m; sourceTree = "<group>"; };
		E79B8A9225A43A7D004A3808 /* Person.h */ = {isa = PBXFileReference; lastKnownFileType = sourcecode.c.h; path = Person.h; sourceTree = "<group>"; };
		E79B8A9325A43A7D004A3808 /* Person.m */ = {isa = PBXFileReference; lastKnownFileType = sourcecode.c.objc; path = Person.m; sourceTree = "<group>"; };
		E79B8A9525A43BC2004A3808 /* Dog.h */ = {isa = PBXFileReference; lastKnownFileType = sourcecode.c.h; path = Dog.h; sourceTree = "<group>"; };
		E79B8A9625A43BC2004A3808 /* Dog.m */ = {isa = PBXFileReference; lastKnownFileType = sourcecode.c.objc; path = Dog.m; sourceTree = "<group>"; };
		E79B8A9C25A4415A004A3808 /* 上帝与人的故事 */ = {isa = PBXFileReference; explicitFileType = "compiled.mach-o.executable"; includeInIndex = 0; path = "上帝与人的故事"; sourceTree = BUILT_PRODUCTS_DIR; };
		E79B8A9E25A4415A004A3808 /* main.m */ = {isa = PBXFileReference; lastKnownFileType = sourcecode.c.objc; path = main.m; sourceTree = "<group>"; };
		E79B8AA325A441DE004A3808 /* God.h */ = {isa = PBXFileReference; lastKnownFileType = sourcecode.c.h; path = God.h; sourceTree = "<group>"; };
		E79B8AA425A441DE004A3808 /* God.m */ = {isa = PBXFileReference; lastKnownFileType = sourcecode.c.objc; path = God.m; sourceTree = "<group>"; };
		E79B8AA625A441ED004A3808 /* Person.h */ = {isa = PBXFileReference; lastKnownFileType = sourcecode.c.h; path = Person.h; sourceTree = "<group>"; };
		E79B8AA725A441ED004A3808 /* Person.m */ = {isa = PBXFileReference; lastKnownFileType = sourcecode.c.objc; path = Person.m; sourceTree = "<group>"; };
		E79B8AA925A4429E004A3808 /* Gender.h */ = {isa = PBXFileReference; lastKnownFileType = sourcecode.c.h; path = Gender.h; sourceTree = "<group>"; };
		E7BAAD3E25A54CF0009E7F7F /* 对象作为类的属性 */ = {isa = PBXFileReference; explicitFileType = "compiled.mach-o.executable"; includeInIndex = 0; path = "对象作为类的属性"; sourceTree = BUILT_PRODUCTS_DIR; };
		E7BAAD4025A54CF0009E7F7F /* main.m */ = {isa = PBXFileReference; lastKnownFileType = sourcecode.c.objc; path = main.m; sourceTree = "<group>"; };
		E7BAAD4B25A587BC009E7F7F /* YinXiang.h */ = {isa = PBXFileReference; lastKnownFileType = sourcecode.c.h; path = YinXiang.h; sourceTree = "<group>"; };
		E7BAAD4C25A587BC009E7F7F /* YinXiang.m */ = {isa = PBXFileReference; lastKnownFileType = sourcecode.c.objc; path = YinXiang.m; sourceTree = "<group>"; };
		E7BAAD4E25A5890E009E7F7F /* Dog.h */ = {isa = PBXFileReference; lastKnownFileType = sourcecode.c.h; path = Dog.h; sourceTree = "<group>"; };
		E7BAAD4F25A5890E009E7F7F /* Dog.m */ = {isa = PBXFileReference; lastKnownFileType = sourcecode.c.objc; path = Dog.m; sourceTree = "<group>"; };
		E7BAAD5125A5899D009E7F7F /* Person.h */ = {isa = PBXFileReference; lastKnownFileType = sourcecode.c.h; path = Person.h; sourceTree = "<group>"; };
		E7BAAD5225A5899D009E7F7F /* Person.m */ = {isa = PBXFileReference; lastKnownFileType = sourcecode.c.objc; path = Person.m; sourceTree = "<group>"; };
		E7BAAD5425A58EBD009E7F7F /* QuanQuan.h */ = {isa = PBXFileReference; lastKnownFileType = sourcecode.c.h; path = QuanQuan.h; sourceTree = "<group>"; };
		E7BAAD5525A58EBD009E7F7F /* QuanQuan.m */ = {isa = PBXFileReference; lastKnownFileType = sourcecode.c.objc; path = QuanQuan.m; sourceTree = "<group>"; };
		E7BAAD5B25A59106009E7F7F /* 猜拳游戏 */ = {isa = PBXFileReference; explicitFileType = "compiled.mach-o.executable"; includeInIndex = 0; path = "猜拳游戏"; sourceTree = BUILT_PRODUCTS_DIR; };
		E7BAAD5D25A59106009E7F7F /* main.m */ = {isa = PBXFileReference; lastKnownFileType = sourcecode.c.objc; path = main.m; sourceTree = "<group>"; };
		E7BAAD6225A59628009E7F7F /* Player.h */ = {isa = PBXFileReference; lastKnownFileType = sourcecode.c.h; path = Player.h; sourceTree = "<group>"; };
		E7BAAD6325A59628009E7F7F /* Player.m */ = {isa = PBXFileReference; lastKnownFileType = sourcecode.c.objc; path = Player.m; sourceTree = "<group>"; };
		E7BAAD6525A596E1009E7F7F /* FistType.h */ = {isa = PBXFileReference; lastKnownFileType = sourcecode.c.h; path = FistType.h; sourceTree = "<group>"; };
		E7BAAD6625A5A373009E7F7F /* Robot.h */ = {isa = PBXFileReference; lastKnownFileType = sourcecode.c.h; path = Robot.h; sourceTree = "<group>"; };
		E7BAAD6725A5A373009E7F7F /* Robot.m */ = {isa = PBXFileReference; lastKnownFileType = sourcecode.c.objc; path = Robot.m; sourceTree = "<group>"; };
		E7CDF90425A2B4540052A0C0 /* 类与对象 */ = {isa = PBXFileReference; explicitFileType = "compiled.mach-o.executable"; includeInIndex = 0; path = "类与对象"; sourceTree = BUILT_PRODUCTS_DIR; };
		E7CDF90725A2B4540052A0C0 /* main.m */ = {isa = PBXFileReference; lastKnownFileType = sourcecode.c.objc; path = main.m; sourceTree = "<group>"; };
		E7CDF91225A2C4310052A0C0 /* 对象在内存中的存储 */ = {isa = PBXFileReference; explicitFileType = "compiled.mach-o.executable"; includeInIndex = 0; path = "对象在内存中的存储"; sourceTree = BUILT_PRODUCTS_DIR; };
		E7CDF91425A2C4310052A0C0 /* main.m */ = {isa = PBXFileReference; lastKnownFileType = sourcecode.c.objc; path = main.m; sourceTree = "<group>"; };
		E7F059B625A30C220029A2D3 /* nil与NULL */ = {isa = PBXFileReference; explicitFileType = "compiled.mach-o.executable"; includeInIndex = 0; path = "nil与NULL"; sourceTree = BUILT_PRODUCTS_DIR; };
		E7F059B825A30C220029A2D3 /* main.m */ = {isa = PBXFileReference; lastKnownFileType = sourcecode.c.objc; path = main.m; sourceTree = "<group>"; };
/* End PBXFileReference section */

/* Begin PBXFrameworksBuildPhase section */
		E79B8A5E25A3FB0F004A3808 /* Frameworks */ = {
			isa = PBXFrameworksBuildPhase;
			buildActionMask = 2147483647;
			files = (
			);
			runOnlyForDeploymentPostprocessing = 0;
		};
		E79B8A6925A40511004A3808 /* Frameworks */ = {
			isa = PBXFrameworksBuildPhase;
			buildActionMask = 2147483647;
			files = (
			);
			runOnlyForDeploymentPostprocessing = 0;
		};
		E79B8A7425A415E6004A3808 /* Frameworks */ = {
			isa = PBXFrameworksBuildPhase;
			buildActionMask = 2147483647;
			files = (
			);
			runOnlyForDeploymentPostprocessing = 0;
		};
		E79B8A8825A43A66004A3808 /* Frameworks */ = {
			isa = PBXFrameworksBuildPhase;
			buildActionMask = 2147483647;
			files = (
			);
			runOnlyForDeploymentPostprocessing = 0;
		};
		E79B8A9925A4415A004A3808 /* Frameworks */ = {
			isa = PBXFrameworksBuildPhase;
			buildActionMask = 2147483647;
			files = (
			);
			runOnlyForDeploymentPostprocessing = 0;
		};
		E7BAAD3B25A54CF0009E7F7F /* Frameworks */ = {
			isa = PBXFrameworksBuildPhase;
			buildActionMask = 2147483647;
			files = (
			);
			runOnlyForDeploymentPostprocessing = 0;
		};
		E7BAAD5825A59106009E7F7F /* Frameworks */ = {
			isa = PBXFrameworksBuildPhase;
			buildActionMask = 2147483647;
			files = (
			);
			runOnlyForDeploymentPostprocessing = 0;
		};
		E7CDF90125A2B4540052A0C0 /* Frameworks */ = {
			isa = PBXFrameworksBuildPhase;
			buildActionMask = 2147483647;
			files = (
			);
			runOnlyForDeploymentPostprocessing = 0;
		};
		E7CDF90F25A2C4310052A0C0 /* Frameworks */ = {
			isa = PBXFrameworksBuildPhase;
			buildActionMask = 2147483647;
			files = (
			);
			runOnlyForDeploymentPostprocessing = 0;
		};
		E7F059B325A30C220029A2D3 /* Frameworks */ = {
			isa = PBXFrameworksBuildPhase;
			buildActionMask = 2147483647;
			files = (
			);
			runOnlyForDeploymentPostprocessing = 0;
		};
/* End PBXFrameworksBuildPhase section */

/* Begin PBXGroup section */
		E79B8A6225A3FB0F004A3808 /* 分组导航标记 */ = {
			isa = PBXGroup;
			children = (
				E79B8A6325A3FB0F004A3808 /* main.m */,
			);
			path = "分组导航标记";
			sourceTree = "<group>";
		};
		E79B8A6D25A40511004A3808 /* 方法与函数 */ = {
			isa = PBXGroup;
			children = (
				E79B8A6E25A40511004A3808 /* main.m */,
			);
			path = "方法与函数";
			sourceTree = "<group>";
		};
		E79B8A7825A415E6004A3808 /* 多文件开发 */ = {
			isa = PBXGroup;
			children = (
				E79B8A7925A415E6004A3808 /* main.m */,
				E79B8A8125A41843004A3808 /* Dog.h */,
				E79B8A8225A41843004A3808 /* Dog.m */,
				E79B8A7E25A415FD004A3808 /* Person.h */,
				E79B8A7F25A41616004A3808 /* Person.m */,
				E79B8A8425A418FB004A3808 /* Student.h */,
				E79B8A8525A418FB004A3808 /* Student.m */,
			);
			path = "多文件开发";
			sourceTree = "<group>";
		};
		E79B8A8C25A43A66004A3808 /* 对象与方法 */ = {
			isa = PBXGroup;
			children = (
				E79B8A8D25A43A66004A3808 /* main.m */,
				E79B8A9225A43A7D004A3808 /* Person.h */,
				E79B8A9325A43A7D004A3808 /* Person.m */,
				E79B8A9525A43BC2004A3808 /* Dog.h */,
				E79B8A9625A43BC2004A3808 /* Dog.m */,
			);
			path = "对象与方法";
			sourceTree = "<group>";
		};
		E79B8A9D25A4415A004A3808 /* 上帝与人的故事 */ = {
			isa = PBXGroup;
			children = (
				E79B8A9E25A4415A004A3808 /* main.m */,
				E79B8AA325A441DE004A3808 /* God.h */,
				E79B8AA425A441DE004A3808 /* God.m */,
				E79B8AA625A441ED004A3808 /* Person.h */,
				E79B8AA725A441ED004A3808 /* Person.m */,
				E79B8AA925A4429E004A3808 /* Gender.h */,
			);
			path = "上帝与人的故事";
			sourceTree = "<group>";
		};
		E7BAAD3F25A54CF0009E7F7F /* 对象作为类的属性 */ = {
			isa = PBXGroup;
			children = (
				E7BAAD4025A54CF0009E7F7F /* main.m */,
				E7BAAD4B25A587BC009E7F7F /* YinXiang.h */,
				E7BAAD4C25A587BC009E7F7F /* YinXiang.m */,
				E7BAAD4E25A5890E009E7F7F /* Dog.h */,
				E7BAAD4F25A5890E009E7F7F /* Dog.m */,
				E7BAAD5125A5899D009E7F7F /* Person.h */,
				E7BAAD5225A5899D009E7F7F /* Person.m */,
				E7BAAD5425A58EBD009E7F7F /* QuanQuan.h */,
				E7BAAD5525A58EBD009E7F7F /* QuanQuan.m */,
			);
			path = "对象作为类的属性";
			sourceTree = "<group>";
		};
		E7BAAD5C25A59106009E7F7F /* 猜拳游戏 */ = {
			isa = PBXGroup;
			children = (
				E7BAAD5D25A59106009E7F7F /* main.m */,
				E7BAAD6225A59628009E7F7F /* Player.h */,
				E7BAAD6325A59628009E7F7F /* Player.m */,
				E7BAAD6525A596E1009E7F7F /* FistType.h */,
				E7BAAD6625A5A373009E7F7F /* Robot.h */,
				E7BAAD6725A5A373009E7F7F /* Robot.m */,
			);
			path = "猜拳游戏";
			sourceTree = "<group>";
		};
		E7CDF8FB25A2B4540052A0C0 = {
			isa = PBXGroup;
			children = (
				E7CDF90625A2B4540052A0C0 /* 类与对象 */,
				E7CDF91325A2C4310052A0C0 /* 对象在内存中的存储 */,
				E7F059B725A30C220029A2D3 /* nil与NULL */,
				E79B8A6225A3FB0F004A3808 /* 分组导航标记 */,
				E79B8A6D25A40511004A3808 /* 方法与函数 */,
				E79B8A7825A415E6004A3808 /* 多文件开发 */,
				E79B8A8C25A43A66004A3808 /* 对象与方法 */,
				E79B8A9D25A4415A004A3808 /* 上帝与人的故事 */,
				E7BAAD3F25A54CF0009E7F7F /* 对象作为类的属性 */,
				E7BAAD5C25A59106009E7F7F /* 猜拳游戏 */,
				E7CDF90525A2B4540052A0C0 /* Products */,
			);
			sourceTree = "<group>";
		};
		E7CDF90525A2B4540052A0C0 /* Products */ = {
			isa = PBXGroup;
			children = (
				E7CDF90425A2B4540052A0C0 /* 类与对象 */,
				E7CDF91225A2C4310052A0C0 /* 对象在内存中的存储 */,
				E7F059B625A30C220029A2D3 /* nil与NULL */,
				E79B8A6125A3FB0F004A3808 /* 分组导航标记 */,
				E79B8A6C25A40511004A3808 /* 方法与函数 */,
				E79B8A7725A415E6004A3808 /* 多文件开发 */,
				E79B8A8B25A43A66004A3808 /* 对象与方法 */,
				E79B8A9C25A4415A004A3808 /* 上帝与人的故事 */,
				E7BAAD3E25A54CF0009E7F7F /* 对象作为类的属性 */,
				E7BAAD5B25A59106009E7F7F /* 猜拳游戏 */,
			);
			name = Products;
			sourceTree = "<group>";
		};
		E7CDF90625A2B4540052A0C0 /* 类与对象 */ = {
			isa = PBXGroup;
			children = (
				E7CDF90725A2B4540052A0C0 /* main.m */,
			);
			path = "类与对象";
			sourceTree = "<group>";
		};
		E7CDF91325A2C4310052A0C0 /* 对象在内存中的存储 */ = {
			isa = PBXGroup;
			children = (
				E7CDF91425A2C4310052A0C0 /* main.m */,
			);
			path = "对象在内存中的存储";
			sourceTree = "<group>";
		};
		E7F059B725A30C220029A2D3 /* nil与NULL */ = {
			isa = PBXGroup;
			children = (
				E7F059B825A30C220029A2D3 /* main.m */,
			);
			path = "nil与NULL";
			sourceTree = "<group>";
		};
/* End PBXGroup section */

/* Begin PBXNativeTarget section */
		E79B8A6025A3FB0F004A3808 /* 分组导航标记 */ = {
			isa = PBXNativeTarget;
			buildConfigurationList = E79B8A6725A3FB0F004A3808 /* Build configuration list for PBXNativeTarget "分组导航标记" */;
			buildPhases = (
				E79B8A5D25A3FB0F004A3808 /* Sources */,
				E79B8A5E25A3FB0F004A3808 /* Frameworks */,
				E79B8A5F25A3FB0F004A3808 /* CopyFiles */,
			);
			buildRules = (
			);
			dependencies = (
			);
			name = "分组导航标记";
			productName = "分组导航标记";
			productReference = E79B8A6125A3FB0F004A3808 /* 分组导航标记 */;
			productType = "com.apple.product-type.tool";
		};
		E79B8A6B25A40511004A3808 /* 方法与函数 */ = {
			isa = PBXNativeTarget;
			buildConfigurationList = E79B8A7025A40511004A3808 /* Build configuration list for PBXNativeTarget "方法与函数" */;
			buildPhases = (
				E79B8A6825A40511004A3808 /* Sources */,
				E79B8A6925A40511004A3808 /* Frameworks */,
				E79B8A6A25A40511004A3808 /* CopyFiles */,
			);
			buildRules = (
			);
			dependencies = (
			);
			name = "方法与函数";
			productName = "方法与函数";
			productReference = E79B8A6C25A40511004A3808 /* 方法与函数 */;
			productType = "com.apple.product-type.tool";
		};
		E79B8A7625A415E6004A3808 /* 多文件开发 */ = {
			isa = PBXNativeTarget;
			buildConfigurationList = E79B8A7B25A415E6004A3808 /* Build configuration list for PBXNativeTarget "多文件开发" */;
			buildPhases = (
				E79B8A7325A415E6004A3808 /* Sources */,
				E79B8A7425A415E6004A3808 /* Frameworks */,
				E79B8A7525A415E6004A3808 /* CopyFiles */,
			);
			buildRules = (
			);
			dependencies = (
			);
			name = "多文件开发";
			productName = "多文件开发";
			productReference = E79B8A7725A415E6004A3808 /* 多文件开发 */;
			productType = "com.apple.product-type.tool";
		};
		E79B8A8A25A43A66004A3808 /* 对象与方法 */ = {
			isa = PBXNativeTarget;
			buildConfigurationList = E79B8A8F25A43A66004A3808 /* Build configuration list for PBXNativeTarget "对象与方法" */;
			buildPhases = (
				E79B8A8725A43A66004A3808 /* Sources */,
				E79B8A8825A43A66004A3808 /* Frameworks */,
				E79B8A8925A43A66004A3808 /* CopyFiles */,
			);
			buildRules = (
			);
			dependencies = (
			);
			name = "对象与方法";
			productName = "对象与方法";
			productReference = E79B8A8B25A43A66004A3808 /* 对象与方法 */;
			productType = "com.apple.product-type.tool";
		};
		E79B8A9B25A4415A004A3808 /* 上帝与人的故事 */ = {
			isa = PBXNativeTarget;
			buildConfigurationList = E79B8AA025A4415A004A3808 /* Build configuration list for PBXNativeTarget "上帝与人的故事" */;
			buildPhases = (
				E79B8A9825A4415A004A3808 /* Sources */,
				E79B8A9925A4415A004A3808 /* Frameworks */,
				E79B8A9A25A4415A004A3808 /* CopyFiles */,
			);
			buildRules = (
			);
			dependencies = (
			);
			name = "上帝与人的故事";
			productName = "上帝与人的故事";
			productReference = E79B8A9C25A4415A004A3808 /* 上帝与人的故事 */;
			productType = "com.apple.product-type.tool";
		};
		E7BAAD3D25A54CF0009E7F7F /* 对象作为类的属性 */ = {
			isa = PBXNativeTarget;
			buildConfigurationList = E7BAAD4425A54CF0009E7F7F /* Build configuration list for PBXNativeTarget "对象作为类的属性" */;
			buildPhases = (
				E7BAAD3A25A54CF0009E7F7F /* Sources */,
				E7BAAD3B25A54CF0009E7F7F /* Frameworks */,
				E7BAAD3C25A54CF0009E7F7F /* CopyFiles */,
			);
			buildRules = (
			);
			dependencies = (
			);
			name = "对象作为类的属性";
			productName = "对象作为类的属性";
			productReference = E7BAAD3E25A54CF0009E7F7F /* 对象作为类的属性 */;
			productType = "com.apple.product-type.tool";
		};
		E7BAAD5A25A59106009E7F7F /* 猜拳游戏 */ = {
			isa = PBXNativeTarget;
			buildConfigurationList = E7BAAD6125A59106009E7F7F /* Build configuration list for PBXNativeTarget "猜拳游戏" */;
			buildPhases = (
				E7BAAD5725A59106009E7F7F /* Sources */,
				E7BAAD5825A59106009E7F7F /* Frameworks */,
				E7BAAD5925A59106009E7F7F /* CopyFiles */,
			);
			buildRules = (
			);
			dependencies = (
			);
			name = "猜拳游戏";
			productName = "猜拳游戏";
			productReference = E7BAAD5B25A59106009E7F7F /* 猜拳游戏 */;
			productType = "com.apple.product-type.tool";
		};
		E7CDF90325A2B4540052A0C0 /* 类与对象 */ = {
			isa = PBXNativeTarget;
			buildConfigurationList = E7CDF90B25A2B4540052A0C0 /* Build configuration list for PBXNativeTarget "类与对象" */;
			buildPhases = (
				E7CDF90025A2B4540052A0C0 /* Sources */,
				E7CDF90125A2B4540052A0C0 /* Frameworks */,
				E7CDF90225A2B4540052A0C0 /* CopyFiles */,
			);
			buildRules = (
			);
			dependencies = (
			);
			name = "类与对象";
			productName = "类与对象";
			productReference = E7CDF90425A2B4540052A0C0 /* 类与对象 */;
			productType = "com.apple.product-type.tool";
		};
		E7CDF91125A2C4310052A0C0 /* 对象在内存中的存储 */ = {
			isa = PBXNativeTarget;
			buildConfigurationList = E7CDF91625A2C4310052A0C0 /* Build configuration list for PBXNativeTarget "对象在内存中的存储" */;
			buildPhases = (
				E7CDF90E25A2C4310052A0C0 /* Sources */,
				E7CDF90F25A2C4310052A0C0 /* Frameworks */,
				E7CDF91025A2C4310052A0C0 /* CopyFiles */,
			);
			buildRules = (
			);
			dependencies = (
			);
			name = "对象在内存中的存储";
			productName = "对象在内存中的存储";
			productReference = E7CDF91225A2C4310052A0C0 /* 对象在内存中的存储 */;
			productType = "com.apple.product-type.tool";
		};
		E7F059B525A30C220029A2D3 /* nil与NULL */ = {
			isa = PBXNativeTarget;
			buildConfigurationList = E7F059BC25A30C220029A2D3 /* Build configuration list for PBXNativeTarget "nil与NULL" */;
			buildPhases = (
				E7F059B225A30C220029A2D3 /* Sources */,
				E7F059B325A30C220029A2D3 /* Frameworks */,
				E7F059B425A30C220029A2D3 /* CopyFiles */,
			);
			buildRules = (
			);
			dependencies = (
			);
			name = "nil与NULL";
			productName = "nil与NULL";
			productReference = E7F059B625A30C220029A2D3 /* nil与NULL */;
			productType = "com.apple.product-type.tool";
		};
/* End PBXNativeTarget section */

/* Begin PBXProject section */
		E7CDF8FC25A2B4540052A0C0 /* Project object */ = {
			isa = PBXProject;
			attributes = {
				LastUpgradeCheck = 1010;
				ORGANIZATIONNAME = hjx;
				TargetAttributes = {
					E79B8A6025A3FB0F004A3808 = {
						CreatedOnToolsVersion = 10.1;
					};
					E79B8A6B25A40511004A3808 = {
						CreatedOnToolsVersion = 10.1;
					};
					E79B8A7625A415E6004A3808 = {
						CreatedOnToolsVersion = 10.1;
					};
					E79B8A8A25A43A66004A3808 = {
						CreatedOnToolsVersion = 10.1;
					};
					E79B8A9B25A4415A004A3808 = {
						CreatedOnToolsVersion = 10.1;
					};
					E7BAAD3D25A54CF0009E7F7F = {
						CreatedOnToolsVersion = 10.1;
					};
					E7BAAD5A25A59106009E7F7F = {
						CreatedOnToolsVersion = 10.1;
					};
					E7CDF90325A2B4540052A0C0 = {
						CreatedOnToolsVersion = 10.1;
					};
					E7CDF91125A2C4310052A0C0 = {
						CreatedOnToolsVersion = 10.1;
					};
					E7F059B525A30C220029A2D3 = {
						CreatedOnToolsVersion = 10.1;
					};
				};
			};
			buildConfigurationList = E7CDF8FF25A2B4540052A0C0 /* Build configuration list for PBXProject "类与对象" */;
			compatibilityVersion = "Xcode 9.3";
			developmentRegion = en;
			hasScannedForEncodings = 0;
			knownRegions = (
				en,
			);
			mainGroup = E7CDF8FB25A2B4540052A0C0;
			productRefGroup = E7CDF90525A2B4540052A0C0 /* Products */;
			projectDirPath = "";
			projectRoot = "";
			targets = (
				E7CDF90325A2B4540052A0C0 /* 类与对象 */,
				E7CDF91125A2C4310052A0C0 /* 对象在内存中的存储 */,
				E7F059B525A30C220029A2D3 /* nil与NULL */,
				E79B8A6025A3FB0F004A3808 /* 分组导航标记 */,
				E79B8A6B25A40511004A3808 /* 方法与函数 */,
				E79B8A7625A415E6004A3808 /* 多文件开发 */,
				E79B8A8A25A43A66004A3808 /* 对象与方法 */,
				E79B8A9B25A4415A004A3808 /* 上帝与人的故事 */,
				E7BAAD3D25A54CF0009E7F7F /* 对象作为类的属性 */,
				E7BAAD5A25A59106009E7F7F /* 猜拳游戏 */,
			);
		};
/* End PBXProject section */

/* Begin PBXSourcesBuildPhase section */
		E79B8A5D25A3FB0F004A3808 /* Sources */ = {
			isa = PBXSourcesBuildPhase;
			buildActionMask = 2147483647;
			files = (
				E79B8A6425A3FB0F004A3808 /* main.m in Sources */,
			);
			runOnlyForDeploymentPostprocessing = 0;
		};
		E79B8A6825A40511004A3808 /* Sources */ = {
			isa = PBXSourcesBuildPhase;
			buildActionMask = 2147483647;
			files = (
				E79B8A6F25A40511004A3808 /* main.m in Sources */,
			);
			runOnlyForDeploymentPostprocessing = 0;
		};
		E79B8A7325A415E6004A3808 /* Sources */ = {
			isa = PBXSourcesBuildPhase;
			buildActionMask = 2147483647;
			files = (
				E79B8A8325A41843004A3808 /* Dog.m in Sources */,
				E79B8A8025A41616004A3808 /* Person.m in Sources */,
				E79B8A7A25A415E6004A3808 /* main.m in Sources */,
				E79B8A8625A418FB004A3808 /* Student.m in Sources */,
			);
			runOnlyForDeploymentPostprocessing = 0;
		};
		E79B8A8725A43A66004A3808 /* Sources */ = {
			isa = PBXSourcesBuildPhase;
			buildActionMask = 2147483647;
			files = (
				E79B8A9725A43BC2004A3808 /* Dog.m in Sources */,
				E79B8A9425A43A7D004A3808 /* Person.m in Sources */,
				E79B8A8E25A43A66004A3808 /* main.m in Sources */,
			);
			runOnlyForDeploymentPostprocessing = 0;
		};
		E79B8A9825A4415A004A3808 /* Sources */ = {
			isa = PBXSourcesBuildPhase;
			buildActionMask = 2147483647;
			files = (
				E79B8AA825A441ED004A3808 /* Person.m in Sources */,
				E79B8AA525A441DE004A3808 /* God.m in Sources */,
				E79B8A9F25A4415A004A3808 /* main.m in Sources */,
			);
			runOnlyForDeploymentPostprocessing = 0;
		};
		E7BAAD3A25A54CF0009E7F7F /* Sources */ = {
			isa = PBXSourcesBuildPhase;
			buildActionMask = 2147483647;
			files = (
				E7BAAD4D25A587BC009E7F7F /* YinXiang.m in Sources */,
				E7BAAD5325A5899D009E7F7F /* Person.m in Sources */,
				E7BAAD5625A58EBD009E7F7F /* QuanQuan.m in Sources */,
				E7BAAD5025A5890E009E7F7F /* Dog.m in Sources */,
				E7BAAD4125A54CF0009E7F7F /* main.m in Sources */,
			);
			runOnlyForDeploymentPostprocessing = 0;
		};
		E7BAAD5725A59106009E7F7F /* Sources */ = {
			isa = PBXSourcesBuildPhase;
			buildActionMask = 2147483647;
			files = (
				E7BAAD6825A5A373009E7F7F /* Robot.m in Sources */,
				E7BAAD6425A59628009E7F7F /* Player.m in Sources */,
				E7BAAD5E25A59106009E7F7F /* main.m in Sources */,
			);
			runOnlyForDeploymentPostprocessing = 0;
		};
		E7CDF90025A2B4540052A0C0 /* Sources */ = {
			isa = PBXSourcesBuildPhase;
			buildActionMask = 2147483647;
			files = (
				E7CDF90825A2B4540052A0C0 /* main.m in Sources */,
			);
			runOnlyForDeploymentPostprocessing = 0;
		};
		E7CDF90E25A2C4310052A0C0 /* Sources */ = {
			isa = PBXSourcesBuildPhase;
			buildActionMask = 2147483647;
			files = (
				E7CDF91525A2C4310052A0C0 /* main.m in Sources */,
			);
			runOnlyForDeploymentPostprocessing = 0;
		};
		E7F059B225A30C220029A2D3 /* Sources */ = {
			isa = PBXSourcesBuildPhase;
			buildActionMask = 2147483647;
			files = (
				E7F059B925A30C220029A2D3 /* main.m in Sources */,
			);
			runOnlyForDeploymentPostprocessing = 0;
		};
/* End PBXSourcesBuildPhase section */

/* Begin XCBuildConfiguration section */
		E79B8A6525A3FB0F004A3808 /* Debug */ = {
			isa = XCBuildConfiguration;
			buildSettings = {
				CODE_SIGN_STYLE = Automatic;
				DEVELOPMENT_TEAM = 6KK5CJ4TLL;
				PRODUCT_NAME = "$(TARGET_NAME)";
			};
			name = Debug;
		};
		E79B8A6625A3FB0F004A3808 /* Release */ = {
			isa = XCBuildConfiguration;
			buildSettings = {
				CODE_SIGN_STYLE = Automatic;
				DEVELOPMENT_TEAM = 6KK5CJ4TLL;
				PRODUCT_NAME = "$(TARGET_NAME)";
			};
			name = Release;
		};
		E79B8A7125A40511004A3808 /* Debug */ = {
			isa = XCBuildConfiguration;
			buildSettings = {
				CODE_SIGN_STYLE = Automatic;
				DEVELOPMENT_TEAM = 6KK5CJ4TLL;
				PRODUCT_NAME = "$(TARGET_NAME)";
			};
			name = Debug;
		};
		E79B8A7225A40511004A3808 /* Release */ = {
			isa = XCBuildConfiguration;
			buildSettings = {
				CODE_SIGN_STYLE = Automatic;
				DEVELOPMENT_TEAM = 6KK5CJ4TLL;
				PRODUCT_NAME = "$(TARGET_NAME)";
			};
			name = Release;
		};
		E79B8A7C25A415E6004A3808 /* Debug */ = {
			isa = XCBuildConfiguration;
			buildSettings = {
				CODE_SIGN_STYLE = Automatic;
				DEVELOPMENT_TEAM = 6KK5CJ4TLL;
				PRODUCT_NAME = "$(TARGET_NAME)";
			};
			name = Debug;
		};
		E79B8A7D25A415E6004A3808 /* Release */ = {
			isa = XCBuildConfiguration;
			buildSettings = {
				CODE_SIGN_STYLE = Automatic;
				DEVELOPMENT_TEAM = 6KK5CJ4TLL;
				PRODUCT_NAME = "$(TARGET_NAME)";
			};
			name = Release;
		};
		E79B8A9025A43A66004A3808 /* Debug */ = {
			isa = XCBuildConfiguration;
			buildSettings = {
				CODE_SIGN_STYLE = Automatic;
				DEVELOPMENT_TEAM = 6KK5CJ4TLL;
				PRODUCT_NAME = "$(TARGET_NAME)";
			};
			name = Debug;
		};
		E79B8A9125A43A66004A3808 /* Release */ = {
			isa = XCBuildConfiguration;
			buildSettings = {
				CODE_SIGN_STYLE = Automatic;
				DEVELOPMENT_TEAM = 6KK5CJ4TLL;
				PRODUCT_NAME = "$(TARGET_NAME)";
			};
			name = Release;
		};
		E79B8AA125A4415A004A3808 /* Debug */ = {
			isa = XCBuildConfiguration;
			buildSettings = {
				CODE_SIGN_STYLE = Automatic;
				DEVELOPMENT_TEAM = 6KK5CJ4TLL;
				PRODUCT_NAME = "$(TARGET_NAME)";
			};
			name = Debug;
		};
		E79B8AA225A4415A004A3808 /* Release */ = {
			isa = XCBuildConfiguration;
			buildSettings = {
				CODE_SIGN_STYLE = Automatic;
				DEVELOPMENT_TEAM = 6KK5CJ4TLL;
				PRODUCT_NAME = "$(TARGET_NAME)";
			};
			name = Release;
		};
		E7BAAD4225A54CF0009E7F7F /* Debug */ = {
			isa = XCBuildConfiguration;
			buildSettings = {
				CODE_SIGN_STYLE = Automatic;
				DEVELOPMENT_TEAM = 6KK5CJ4TLL;
				PRODUCT_NAME = "$(TARGET_NAME)";
			};
			name = Debug;
		};
		E7BAAD4325A54CF0009E7F7F /* Release */ = {
			isa = XCBuildConfiguration;
			buildSettings = {
				CODE_SIGN_STYLE = Automatic;
				DEVELOPMENT_TEAM = 6KK5CJ4TLL;
				PRODUCT_NAME = "$(TARGET_NAME)";
			};
			name = Release;
		};
		E7BAAD5F25A59106009E7F7F /* Debug */ = {
			isa = XCBuildConfiguration;
			buildSettings = {
				CODE_SIGN_STYLE = Automatic;
				DEVELOPMENT_TEAM = 6KK5CJ4TLL;
				PRODUCT_NAME = "$(TARGET_NAME)";
			};
			name = Debug;
		};
		E7BAAD6025A59106009E7F7F /* Release */ = {
			isa = XCBuildConfiguration;
			buildSettings = {
				CODE_SIGN_STYLE = Automatic;
				DEVELOPMENT_TEAM = 6KK5CJ4TLL;
				PRODUCT_NAME = "$(TARGET_NAME)";
			};
			name = Release;
		};
		E7CDF90925A2B4540052A0C0 /* Debug */ = {
			isa = XCBuildConfiguration;
			buildSettings = {
				ALWAYS_SEARCH_USER_PATHS = NO;
				CLANG_ANALYZER_NONNULL = YES;
				CLANG_ANALYZER_NUMBER_OBJECT_CONVERSION = YES_AGGRESSIVE;
				CLANG_CXX_LANGUAGE_STANDARD = "gnu++14";
				CLANG_CXX_LIBRARY = "libc++";
				CLANG_ENABLE_MODULES = YES;
				CLANG_ENABLE_OBJC_ARC = YES;
				CLANG_ENABLE_OBJC_WEAK = YES;
				CLANG_WARN_BLOCK_CAPTURE_AUTORELEASING = YES;
				CLANG_WARN_BOOL_CONVERSION = YES;
				CLANG_WARN_COMMA = YES;
				CLANG_WARN_CONSTANT_CONVERSION = YES;
				CLANG_WARN_DEPRECATED_OBJC_IMPLEMENTATIONS = YES;
				CLANG_WARN_DIRECT_OBJC_ISA_USAGE = YES_ERROR;
				CLANG_WARN_DOCUMENTATION_COMMENTS = YES;
				CLANG_WARN_EMPTY_BODY = YES;
				CLANG_WARN_ENUM_CONVERSION = YES;
				CLANG_WARN_INFINITE_RECURSION = YES;
				CLANG_WARN_INT_CONVERSION = YES;
				CLANG_WARN_NON_LITERAL_NULL_CONVERSION = YES;
				CLANG_WARN_OBJC_IMPLICIT_RETAIN_SELF = YES;
				CLANG_WARN_OBJC_LITERAL_CONVERSION = YES;
				CLANG_WARN_OBJC_ROOT_CLASS = YES_ERROR;
				CLANG_WARN_RANGE_LOOP_ANALYSIS = YES;
				CLANG_WARN_STRICT_PROTOTYPES = YES;
				CLANG_WARN_SUSPICIOUS_MOVE = YES;
				CLANG_WARN_UNGUARDED_AVAILABILITY = YES_AGGRESSIVE;
				CLANG_WARN_UNREACHABLE_CODE = YES;
				CLANG_WARN__DUPLICATE_METHOD_MATCH = YES;
				CODE_SIGN_IDENTITY = "Mac Developer";
				COPY_PHASE_STRIP = NO;
				DEBUG_INFORMATION_FORMAT = dwarf;
				ENABLE_STRICT_OBJC_MSGSEND = YES;
				ENABLE_TESTABILITY = YES;
				GCC_C_LANGUAGE_STANDARD = gnu11;
				GCC_DYNAMIC_NO_PIC = NO;
				GCC_NO_COMMON_BLOCKS = YES;
				GCC_OPTIMIZATION_LEVEL = 0;
				GCC_PREPROCESSOR_DEFINITIONS = (
					"DEBUG=1",
					"$(inherited)",
				);
				GCC_WARN_64_TO_32_BIT_CONVERSION = YES;
				GCC_WARN_ABOUT_RETURN_TYPE = YES_ERROR;
				GCC_WARN_UNDECLARED_SELECTOR = YES;
				GCC_WARN_UNINITIALIZED_AUTOS = YES_AGGRESSIVE;
				GCC_WARN_UNUSED_FUNCTION = YES;
				GCC_WARN_UNUSED_VARIABLE = YES;
				MACOSX_DEPLOYMENT_TARGET = 10.13;
				MTL_ENABLE_DEBUG_INFO = INCLUDE_SOURCE;
				MTL_FAST_MATH = YES;
				ONLY_ACTIVE_ARCH = YES;
				SDKROOT = macosx;
			};
			name = Debug;
		};
		E7CDF90A25A2B4540052A0C0 /* Release */ = {
			isa = XCBuildConfiguration;
			buildSettings = {
				ALWAYS_SEARCH_USER_PATHS = NO;
				CLANG_ANALYZER_NONNULL = YES;
				CLANG_ANALYZER_NUMBER_OBJECT_CONVERSION = YES_AGGRESSIVE;
				CLANG_CXX_LANGUAGE_STANDARD = "gnu++14";
				CLANG_CXX_LIBRARY = "libc++";
				CLANG_ENABLE_MODULES = YES;
				CLANG_ENABLE_OBJC_ARC = YES;
				CLANG_ENABLE_OBJC_WEAK = YES;
				CLANG_WARN_BLOCK_CAPTURE_AUTORELEASING = YES;
				CLANG_WARN_BOOL_CONVERSION = YES;
				CLANG_WARN_COMMA = YES;
				CLANG_WARN_CONSTANT_CONVERSION = YES;
				CLANG_WARN_DEPRECATED_OBJC_IMPLEMENTATIONS = YES;
				CLANG_WARN_DIRECT_OBJC_ISA_USAGE = YES_ERROR;
				CLANG_WARN_DOCUMENTATION_COMMENTS = YES;
				CLANG_WARN_EMPTY_BODY = YES;
				CLANG_WARN_ENUM_CONVERSION = YES;
				CLANG_WARN_INFINITE_RECURSION = YES;
				CLANG_WARN_INT_CONVERSION = YES;
				CLANG_WARN_NON_LITERAL_NULL_CONVERSION = YES;
				CLANG_WARN_OBJC_IMPLICIT_RETAIN_SELF = YES;
				CLANG_WARN_OBJC_LITERAL_CONVERSION = YES;
				CLANG_WARN_OBJC_ROOT_CLASS = YES_ERROR;
				CLANG_WARN_RANGE_LOOP_ANALYSIS = YES;
				CLANG_WARN_STRICT_PROTOTYPES = YES;
				CLANG_WARN_SUSPICIOUS_MOVE = YES;
				CLANG_WARN_UNGUARDED_AVAILABILITY = YES_AGGRESSIVE;
				CLANG_WARN_UNREACHABLE_CODE = YES;
				CLANG_WARN__DUPLICATE_METHOD_MATCH = YES;
				CODE_SIGN_IDENTITY = "Mac Developer";
				COPY_PHASE_STRIP = NO;
				DEBUG_INFORMATION_FORMAT = "dwarf-with-dsym";
				ENABLE_NS_ASSERTIONS = NO;
				ENABLE_STRICT_OBJC_MSGSEND = YES;
				GCC_C_LANGUAGE_STANDARD = gnu11;
				GCC_NO_COMMON_BLOCKS = YES;
				GCC_WARN_64_TO_32_BIT_CONVERSION = YES;
				GCC_WARN_ABOUT_RETURN_TYPE = YES_ERROR;
				GCC_WARN_UNDECLARED_SELECTOR = YES;
				GCC_WARN_UNINITIALIZED_AUTOS = YES_AGGRESSIVE;
				GCC_WARN_UNUSED_FUNCTION = YES;
				GCC_WARN_UNUSED_VARIABLE = YES;
				MACOSX_DEPLOYMENT_TARGET = 10.13;
				MTL_ENABLE_DEBUG_INFO = NO;
				MTL_FAST_MATH = YES;
				SDKROOT = macosx;
			};
			name = Release;
		};
		E7CDF90C25A2B4540052A0C0 /* Debug */ = {
			isa = XCBuildConfiguration;
			buildSettings = {
				CODE_SIGN_STYLE = Automatic;
				DEVELOPMENT_TEAM = 6KK5CJ4TLL;
				PRODUCT_NAME = "$(TARGET_NAME)";
			};
			name = Debug;
		};
		E7CDF90D25A2B4540052A0C0 /* Release */ = {
			isa = XCBuildConfiguration;
			buildSettings = {
				CODE_SIGN_STYLE = Automatic;
				DEVELOPMENT_TEAM = 6KK5CJ4TLL;
				PRODUCT_NAME = "$(TARGET_NAME)";
			};
			name = Release;
		};
		E7CDF91725A2C4310052A0C0 /* Debug */ = {
			isa = XCBuildConfiguration;
			buildSettings = {
				CODE_SIGN_STYLE = Automatic;
				DEVELOPMENT_TEAM = 6KK5CJ4TLL;
				PRODUCT_NAME = "$(TARGET_NAME)";
			};
			name = Debug;
		};
		E7CDF91825A2C4310052A0C0 /* Release */ = {
			isa = XCBuildConfiguration;
			buildSettings = {
				CODE_SIGN_STYLE = Automatic;
				DEVELOPMENT_TEAM = 6KK5CJ4TLL;
				PRODUCT_NAME = "$(TARGET_NAME)";
			};
			name = Release;
		};
		E7F059BA25A30C220029A2D3 /* Debug */ = {
			isa = XCBuildConfiguration;
			buildSettings = {
				CODE_SIGN_STYLE = Automatic;
				DEVELOPMENT_TEAM = 6KK5CJ4TLL;
				PRODUCT_NAME = "$(TARGET_NAME)";
			};
			name = Debug;
		};
		E7F059BB25A30C220029A2D3 /* Release */ = {
			isa = XCBuildConfiguration;
			buildSettings = {
				CODE_SIGN_STYLE = Automatic;
				DEVELOPMENT_TEAM = 6KK5CJ4TLL;
				PRODUCT_NAME = "$(TARGET_NAME)";
			};
			name = Release;
		};
/* End XCBuildConfiguration section */

/* Begin XCConfigurationList section */
		E79B8A6725A3FB0F004A3808 /* Build configuration list for PBXNativeTarget "分组导航标记" */ = {
			isa = XCConfigurationList;
			buildConfigurations = (
				E79B8A6525A3FB0F004A3808 /* Debug */,
				E79B8A6625A3FB0F004A3808 /* Release */,
			);
			defaultConfigurationIsVisible = 0;
			defaultConfigurationName = Release;
		};
		E79B8A7025A40511004A3808 /* Build configuration list for PBXNativeTarget "方法与函数" */ = {
			isa = XCConfigurationList;
			buildConfigurations = (
				E79B8A7125A40511004A3808 /* Debug */,
				E79B8A7225A40511004A3808 /* Release */,
			);
			defaultConfigurationIsVisible = 0;
			defaultConfigurationName = Release;
		};
		E79B8A7B25A415E6004A3808 /* Build configuration list for PBXNativeTarget "多文件开发" */ = {
			isa = XCConfigurationList;
			buildConfigurations = (
				E79B8A7C25A415E6004A3808 /* Debug */,
				E79B8A7D25A415E6004A3808 /* Release */,
			);
			defaultConfigurationIsVisible = 0;
			defaultConfigurationName = Release;
		};
		E79B8A8F25A43A66004A3808 /* Build configuration list for PBXNativeTarget "对象与方法" */ = {
			isa = XCConfigurationList;
			buildConfigurations = (
				E79B8A9025A43A66004A3808 /* Debug */,
				E79B8A9125A43A66004A3808 /* Release */,
			);
			defaultConfigurationIsVisible = 0;
			defaultConfigurationName = Release;
		};
		E79B8AA025A4415A004A3808 /* Build configuration list for PBXNativeTarget "上帝与人的故事" */ = {
			isa = XCConfigurationList;
			buildConfigurations = (
				E79B8AA125A4415A004A3808 /* Debug */,
				E79B8AA225A4415A004A3808 /* Release */,
			);
			defaultConfigurationIsVisible = 0;
			defaultConfigurationName = Release;
		};
		E7BAAD4425A54CF0009E7F7F /* Build configuration list for PBXNativeTarget "对象作为类的属性" */ = {
			isa = XCConfigurationList;
			buildConfigurations = (
				E7BAAD4225A54CF0009E7F7F /* Debug */,
				E7BAAD4325A54CF0009E7F7F /* Release */,
			);
			defaultConfigurationIsVisible = 0;
			defaultConfigurationName = Release;
		};
		E7BAAD6125A59106009E7F7F /* Build configuration list for PBXNativeTarget "猜拳游戏" */ = {
			isa = XCConfigurationList;
			buildConfigurations = (
				E7BAAD5F25A59106009E7F7F /* Debug */,
				E7BAAD6025A59106009E7F7F /* Release */,
			);
			defaultConfigurationIsVisible = 0;
			defaultConfigurationName = Release;
		};
		E7CDF8FF25A2B4540052A0C0 /* Build configuration list for PBXProject "类与对象" */ = {
			isa = XCConfigurationList;
			buildConfigurations = (
				E7CDF90925A2B4540052A0C0 /* Debug */,
				E7CDF90A25A2B4540052A0C0 /* Release */,
			);
			defaultConfigurationIsVisible = 0;
			defaultConfigurationName = Release;
		};
		E7CDF90B25A2B4540052A0C0 /* Build configuration list for PBXNativeTarget "类与对象" */ = {
			isa = XCConfigurationList;
			buildConfigurations = (
				E7CDF90C25A2B4540052A0C0 /* Debug */,
				E7CDF90D25A2B4540052A0C0 /* Release */,
			);
			defaultConfigurationIsVisible = 0;
			defaultConfigurationName = Release;
		};
		E7CDF91625A2C4310052A0C0 /* Build configuration list for PBXNativeTarget "对象在内存中的存储" */ = {
			isa = XCConfigurationList;
			buildConfigurations = (
				E7CDF91725A2C4310052A0C0 /* Debug */,
				E7CDF91825A2C4310052A0C0 /* Release */,
			);
			defaultConfigurationIsVisible = 0;
			defaultConfigurationName = Release;
		};
		E7F059BC25A30C220029A2D3 /* Build configuration list for PBXNativeTarget "nil与NULL" */ = {
			isa = XCConfigurationList;
			buildConfigurations = (
				E7F059BA25A30C220029A2D3 /* Debug */,
				E7F059BB25A30C220029A2D3 /* Release */,
			);
			defaultConfigurationIsVisible = 0;
			defaultConfigurationName = Release;
		};
/* End XCConfigurationList section */
	};
	rootObject = E7CDF8FC25A2B4540052A0C0 /* Project object */;
}
